PODS:
  - Flutter (1.0.0)
  - sgx_client (0.0.1):
    - Flutter

DEPENDENCIES:
  - Flutter (from `Flutter`)
  - sgx_client (from `.symlinks/plugins/sgx_client/ios`)

EXTERNAL SOURCES:
  Flutter:
    :path: Flutter
  sgx_client:
    :path: ".symlinks/plugins/sgx_client/ios"

SPEC CHECKSUMS:
  Flutter: 434fef37c0980e73bb6479ef766c45957d4b510c
  sgx_client: 4d324ec350bf7c83ae740836f83b62738ae78250

PODFILE CHECKSUM: aafe91acc616949ddb318b77800a7f51bffa2a4c

COCOAPODS: 1.10.1
